
Microsoft Visual Studio Solution File, Format Version 11.00
# Visual Studio 2010
Project("{FAE04EC0-301F-11D3-BF4B-00C04F79EFBC}") = "Fungus", "Fungus.csproj", "{E50E3383-19E6-CEC4-222C-418BCA0EA5EF}"
EndProject
Project("{FAE04EC0-301F-11D3-BF4B-00C04F79EFBC}") = "Assembly-CSharp", "Assembly-CSharp.csproj", "{3107516B-45A6-5BD5-BC5F-F587BE07AFAB}"
EndProject
Project("{FAE04EC0-301F-11D3-BF4B-00C04F79EFBC}") = "FungusExamples", "FungusExamples.csproj", "{9C96962A-E149-8B6F-3948-29B0C4142E29}"
EndProject
Project("{FAE04EC0-301F-11D3-BF4B-00C04F79EFBC}") = "FungusEditor", "FungusEditor.csproj", "{F8D4165E-90F8-77FB-4DE5-707506057619}"
EndProject
Project("{FAE04EC0-301F-11D3-BF4B-00C04F79EFBC}") = "Fungus.FungusLuaEditor", "Fungus.FungusLuaEditor.csproj", "{E8E393F4-698F-D190-942A-13131DBFE9BB}"
EndProject
Project("{FAE04EC0-301F-11D3-BF4B-00C04F79EFBC}") = "Fungus.LineEndingsEditor", "Fungus.LineEndingsEditor.csproj", "{9217362B-445E-5FCB-8A4E-EA77BB90911C}"
EndProject
Project("{FAE04EC0-301F-11D3-BF4B-00C04F79EFBC}") = "Fungus.FungusLuaJSONCheckerEditor", "Fungus.FungusLuaJSONCheckerEditor.csproj", "{B458E49C-EE43-2E96-7E85-CC30CC894EBC}"
EndProject
Project("{FAE04EC0-301F-11D3-BF4B-00C04F79EFBC}") = "Fungus.UsfxrEditor", "Fungus.UsfxrEditor.csproj", "{03A75564-A619-F196-553D-002E70EA4CF2}"
EndProject
Global
	GlobalSection(SolutionConfigurationPlatforms) = preSolution
		Debug|Any CPU = Debug|Any CPU
		Release|Any CPU = Release|Any CPU
	EndGlobalSection
	GlobalSection(ProjectConfigurationPlatforms) = postSolution
		{E50E3383-19E6-CEC4-222C-418BCA0EA5EF}.Debug|Any CPU.ActiveCfg = Debug|Any CPU
		{E50E3383-19E6-CEC4-222C-418BCA0EA5EF}.Debug|Any CPU.Build.0 = Debug|Any CPU
		{E50E3383-19E6-CEC4-222C-418BCA0EA5EF}.Release|Any CPU.ActiveCfg = Release|Any CPU
		{E50E3383-19E6-CEC4-222C-418BCA0EA5EF}.Release|Any CPU.Build.0 = Release|Any CPU
		{3107516B-45A6-5BD5-BC5F-F587BE07AFAB}.Debug|Any CPU.ActiveCfg = Debug|Any CPU
		{3107516B-45A6-5BD5-BC5F-F587BE07AFAB}.Debug|Any CPU.Build.0 = Debug|Any CPU
		{3107516B-45A6-5BD5-BC5F-F587BE07AFAB}.Release|Any CPU.ActiveCfg = Release|Any CPU
		{3107516B-45A6-5BD5-BC5F-F587BE07AFAB}.Release|Any CPU.Build.0 = Release|Any CPU
		{9C96962A-E149-8B6F-3948-29B0C4142E29}.Debug|Any CPU.ActiveCfg = Debug|Any CPU
		{9C96962A-E149-8B6F-3948-29B0C4142E29}.Debug|Any CPU.Build.0 = Debug|Any CPU
		{9C96962A-E149-8B6F-3948-29B0C4142E29}.Release|Any CPU.ActiveCfg = Release|Any CPU
		{9C96962A-E149-8B6F-3948-29B0C4142E29}.Release|Any CPU.Build.0 = Release|Any CPU
		{F8D4165E-90F8-77FB-4DE5-707506057619}.Debug|Any CPU.ActiveCfg = Debug|Any CPU
		{F8D4165E-90F8-77FB-4DE5-707506057619}.Debug|Any CPU.Build.0 = Debug|Any CPU
		{F8D4165E-90F8-77FB-4DE5-707506057619}.Release|Any CPU.ActiveCfg = Release|Any CPU
		{F8D4165E-90F8-77FB-4DE5-707506057619}.Release|Any CPU.Build.0 = Release|Any CPU
		{E8E393F4-698F-D190-942A-13131DBFE9BB}.Debug|Any CPU.ActiveCfg = Debug|Any CPU
		{E8E393F4-698F-D190-942A-13131DBFE9BB}.Debug|Any CPU.Build.0 = Debug|Any CPU
		{E8E393F4-698F-D190-942A-13131DBFE9BB}.Release|Any CPU.ActiveCfg = Release|Any CPU
		{E8E393F4-698F-D190-942A-13131DBFE9BB}.Release|Any CPU.Build.0 = Release|Any CPU
		{9217362B-445E-5FCB-8A4E-EA77BB90911C}.Debug|Any CPU.ActiveCfg = Debug|Any CPU
		{9217362B-445E-5FCB-8A4E-EA77BB90911C}.Debug|Any CPU.Build.0 = Debug|Any CPU
		{9217362B-445E-5FCB-8A4E-EA77BB90911C}.Release|Any CPU.ActiveCfg = Release|Any CPU
		{9217362B-445E-5FCB-8A4E-EA77BB90911C}.Release|Any CPU.Build.0 = Release|Any CPU
		{B458E49C-EE43-2E96-7E85-CC30CC894EBC}.Debug|Any CPU.ActiveCfg = Debug|Any CPU
		{B458E49C-EE43-2E96-7E85-CC30CC894EBC}.Debug|Any CPU.Build.0 = Debug|Any CPU
		{B458E49C-EE43-2E96-7E85-CC30CC894EBC}.Release|Any CPU.ActiveCfg = Release|Any CPU
		{B458E49C-EE43-2E96-7E85-CC30CC894EBC}.Release|Any CPU.Build.0 = Release|Any CPU
		{03A75564-A619-F196-553D-002E70EA4CF2}.Debug|Any CPU.ActiveCfg = Debug|Any CPU
		{03A75564-A619-F196-553D-002E70EA4CF2}.Debug|Any CPU.Build.0 = Debug|Any CPU
		{03A75564-A619-F196-553D-002E70EA4CF2}.Release|Any CPU.ActiveCfg = Release|Any CPU
		{03A75564-A619-F196-553D-002E70EA4CF2}.Release|Any CPU.Build.0 = Release|Any CPU
	EndGlobalSection
	GlobalSection(SolutionProperties) = preSolution
		HideSolutionNode = FALSE
	EndGlobalSection
EndGlobal
